{
    "version": 3,
    "terraform_version": "0.11.7",
    "serial": 43,
    "lineage": "1430036f-273c-8cb3-fe50-aea539761dd7",
    "modules": [
        {
            "path": [
                "root"
            ],
            "outputs": {},
            "resources": {
                "ibm_compute_ssh_key.ssh_key": {
                    "type": "ibm_compute_ssh_key",
                    "depends_on": [],
                    "primary": {
                        "id": "1209573",
                        "attributes": {
                            "fingerprint": "03:09:60:36:01:58:6c:6f:35:e5:cf:ce:62:40:88:d0",
                            "id": "1209573",
                            "label": "wcpclouduk",
                            "notes": "THIS IS THE SSH KEY FOR ALL VSIs",
                            "public_key": ""
                        },
                        "meta": {},
                        "tainted": false
                    },
                    "deposed": [],
                    "provider": "provider.ibm"
                },
                "ibm_compute_vm_instance.app1.0": {
                    "type": "ibm_compute_vm_instance",
                    "depends_on": [
                        "ibm_compute_ssh_key.ssh_key"
                    ],
                    "primary": {
                        "id": "60197577",
                        "attributes": {
                            "block_storage_ids.#": "0",
                            "cores": "1",
                            "datacenter": "lon06",
                            "dedicated_acct_host_only": "false",
                            "disks.#": "2",
                            "disks.0": "25",
                            "disks.1": "10",
                            "domain": "wcpclouduk.com",
                            "file_storage_ids.#": "0",
                            "hostname": "app101",
                            "hourly_billing": "true",
                            "id": "60197577",
                            "ip_address_id_private": "113575531",
                            "ipv4_address": "",
                            "ipv4_address_private": "10.72.58.86",
                            "ipv6_enabled": "false",
                            "ipv6_static_enabled": "false",
                            "local_disk": "false",
                            "memory": "1024",
                            "network_speed": "100",
                            "notes": "",
                            "os_reference_code": "CENTOS_7_64",
                            "private_interface_id": "34577407",
                            "private_network_only": "true",
                            "private_security_group_ids.#": "0",
                            "private_subnet": "10.72.58.64/26",
                            "private_subnet_id": "1619227",
                            "private_vlan_id": "2327977",
                            "public_bandwidth_unlimited": "false",
                            "public_interface_id": "34577409",
                            "public_security_group_ids.#": "0",
                            "secondary_ip_addresses.#": "0",
                            "ssh_key_ids.#": "1",
                            "ssh_key_ids.1209573": "1209573",
                            "tags.#": "1",
                            "tags.3929779745": "group:webserver",
                            "wait_time_minutes": "90"
                        },
                        "meta": {},
                        "tainted": false
                    },
                    "deposed": [],
                    "provider": "provider.ibm"
                },
                "ibm_compute_vm_instance.app1.1": {
                    "type": "ibm_compute_vm_instance",
                    "depends_on": [
                        "ibm_compute_ssh_key.ssh_key"
                    ],
                    "primary": {
                        "id": "60197579",
                        "attributes": {
                            "block_storage_ids.#": "0",
                            "cores": "1",
                            "datacenter": "lon06",
                            "dedicated_acct_host_only": "false",
                            "disks.#": "2",
                            "disks.0": "25",
                            "disks.1": "10",
                            "domain": "wcpclouduk.com",
                            "file_storage_ids.#": "0",
                            "hostname": "app102",
                            "hourly_billing": "true",
                            "id": "60197579",
                            "ip_address_id_private": "113575499",
                            "ipv4_address": "",
                            "ipv4_address_private": "10.72.58.70",
                            "ipv6_enabled": "false",
                            "ipv6_static_enabled": "false",
                            "local_disk": "false",
                            "memory": "1024",
                            "network_speed": "100",
                            "notes": "",
                            "os_reference_code": "CENTOS_7_64",
                            "private_interface_id": "34577255",
                            "private_network_only": "true",
                            "private_security_group_ids.#": "0",
                            "private_subnet": "10.72.58.64/26",
                            "private_subnet_id": "1619227",
                            "private_vlan_id": "2327977",
                            "public_bandwidth_unlimited": "false",
                            "public_interface_id": "34577257",
                            "public_security_group_ids.#": "0",
                            "secondary_ip_addresses.#": "0",
                            "ssh_key_ids.#": "1",
                            "ssh_key_ids.1209573": "1209573",
                            "tags.#": "1",
                            "tags.3929779745": "group:webserver",
                            "wait_time_minutes": "90"
                        },
                        "meta": {},
                        "tainted": false
                    },
                    "deposed": [],
                    "provider": "provider.ibm"
                },
                "ibm_compute_vm_instance.app2.0": {
                    "type": "ibm_compute_vm_instance",
                    "depends_on": [
                        "ibm_compute_ssh_key.ssh_key"
                    ],
                    "primary": {
                        "id": "60197583",
                        "attributes": {
                            "block_storage_ids.#": "0",
                            "cores": "1",
                            "datacenter": "ams01",
                            "dedicated_acct_host_only": "false",
                            "disks.#": "2",
                            "disks.0": "25",
                            "disks.1": "10",
                            "domain": "wcpclouduk.com",
                            "file_storage_ids.#": "0",
                            "hostname": "app201",
                            "hourly_billing": "true",
                            "id": "60197583",
                            "ip_address_id_private": "114430145",
                            "ipv4_address": "",
                            "ipv4_address_private": "10.104.17.27",
                            "ipv6_enabled": "false",
                            "ipv6_static_enabled": "false",
                            "local_disk": "false",
                            "memory": "1024",
                            "network_speed": "100",
                            "notes": "",
                            "os_reference_code": "CENTOS_7_64",
                            "private_interface_id": "34577403",
                            "private_network_only": "true",
                            "private_security_group_ids.#": "0",
                            "private_subnet": "10.104.17.0/26",
                            "private_subnet_id": "516971",
                            "private_vlan_id": "2345539",
                            "public_bandwidth_unlimited": "false",
                            "public_interface_id": "34577405",
                            "public_security_group_ids.#": "0",
                            "secondary_ip_addresses.#": "0",
                            "ssh_key_ids.#": "1",
                            "ssh_key_ids.1209573": "1209573",
                            "tags.#": "1",
                            "tags.3929779745": "group:webserver",
                            "wait_time_minutes": "90"
                        },
                        "meta": {},
                        "tainted": false
                    },
                    "deposed": [],
                    "provider": "provider.ibm"
                },
                "ibm_compute_vm_instance.app2.1": {
                    "type": "ibm_compute_vm_instance",
                    "depends_on": [
                        "ibm_compute_ssh_key.ssh_key"
                    ],
                    "primary": {
                        "id": "60197587",
                        "attributes": {
                            "block_storage_ids.#": "0",
                            "cores": "1",
                            "datacenter": "ams01",
                            "dedicated_acct_host_only": "false",
                            "disks.#": "2",
                            "disks.0": "25",
                            "disks.1": "10",
                            "domain": "wcpclouduk.com",
                            "file_storage_ids.#": "0",
                            "hostname": "app202",
                            "hourly_billing": "true",
                            "id": "60197587",
                            "ip_address_id_private": "114430097",
                            "ipv4_address": "",
                            "ipv4_address_private": "10.104.17.3",
                            "ipv6_enabled": "false",
                            "ipv6_static_enabled": "false",
                            "local_disk": "false",
                            "memory": "1024",
                            "network_speed": "100",
                            "notes": "",
                            "os_reference_code": "CENTOS_7_64",
                            "private_interface_id": "34577261",
                            "private_network_only": "true",
                            "private_security_group_ids.#": "0",
                            "private_subnet": "10.104.17.0/26",
                            "private_subnet_id": "516971",
                            "private_vlan_id": "2345539",
                            "public_bandwidth_unlimited": "false",
                            "public_interface_id": "34577265",
                            "public_security_group_ids.#": "0",
                            "secondary_ip_addresses.#": "0",
                            "ssh_key_ids.#": "1",
                            "ssh_key_ids.1209573": "1209573",
                            "tags.#": "1",
                            "tags.3929779745": "group:webserver",
                            "wait_time_minutes": "90"
                        },
                        "meta": {},
                        "tainted": false
                    },
                    "deposed": [],
                    "provider": "provider.ibm"
                },
                "ibm_compute_vm_instance.db1": {
                    "type": "ibm_compute_vm_instance",
                    "depends_on": [
                        "ibm_compute_ssh_key.ssh_key"
                    ],
                    "primary": {
                        "id": "60197585",
                        "attributes": {
                            "block_storage_ids.#": "0",
                            "cores": "1",
                            "datacenter": "lon06",
                            "dedicated_acct_host_only": "false",
                            "disks.#": "2",
                            "disks.0": "25",
                            "disks.1": "10",
                            "domain": "wcpclouduk.com",
                            "file_storage_ids.#": "0",
                            "hostname": "db101",
                            "hourly_billing": "true",
                            "id": "60197585",
                            "ip_address_id_private": "113575515",
                            "ipv4_address": "",
                            "ipv4_address_private": "10.72.58.78",
                            "ipv6_enabled": "false",
                            "ipv6_static_enabled": "false",
                            "local_disk": "false",
                            "memory": "1024",
                            "network_speed": "100",
                            "notes": "",
                            "os_reference_code": "CENTOS_7_64",
                            "private_interface_id": "34577267",
                            "private_network_only": "true",
                            "private_security_group_ids.#": "0",
                            "private_subnet": "10.72.58.64/26",
                            "private_subnet_id": "1619227",
                            "private_vlan_id": "2327977",
                            "public_bandwidth_unlimited": "false",
                            "public_interface_id": "34577269",
                            "public_security_group_ids.#": "0",
                            "secondary_ip_addresses.#": "0",
                            "ssh_key_ids.#": "1",
                            "ssh_key_ids.1209573": "1209573",
                            "tags.#": "1",
                            "tags.3600256698": "group:database",
                            "wait_time_minutes": "90"
                        },
                        "meta": {},
                        "tainted": false
                    },
                    "deposed": [],
                    "provider": "provider.ibm"
                },
                "ibm_compute_vm_instance.db2": {
                    "type": "ibm_compute_vm_instance",
                    "depends_on": [
                        "ibm_compute_ssh_key.ssh_key"
                    ],
                    "primary": {
                        "id": "60197581",
                        "attributes": {
                            "block_storage_ids.#": "0",
                            "cores": "1",
                            "datacenter": "ams01",
                            "dedicated_acct_host_only": "false",
                            "disks.#": "2",
                            "disks.0": "25",
                            "disks.1": "10",
                            "domain": "wcpclouduk.com",
                            "file_storage_ids.#": "0",
                            "hostname": "db201",
                            "hourly_billing": "true",
                            "id": "60197581",
                            "ip_address_id_private": "114430109",
                            "ipv4_address": "",
                            "ipv4_address_private": "10.104.17.9",
                            "ipv6_enabled": "false",
                            "ipv6_static_enabled": "false",
                            "local_disk": "false",
                            "memory": "1024",
                            "network_speed": "100",
                            "notes": "",
                            "os_reference_code": "CENTOS_7_64",
                            "private_interface_id": "34577259",
                            "private_network_only": "true",
                            "private_security_group_ids.#": "0",
                            "private_subnet": "10.104.17.0/26",
                            "private_subnet_id": "516971",
                            "private_vlan_id": "2345539",
                            "public_bandwidth_unlimited": "false",
                            "public_interface_id": "34577263",
                            "public_security_group_ids.#": "0",
                            "secondary_ip_addresses.#": "0",
                            "ssh_key_ids.#": "1",
                            "ssh_key_ids.1209573": "1209573",
                            "tags.#": "1",
                            "tags.3600256698": "group:database",
                            "wait_time_minutes": "90"
                        },
                        "meta": {},
                        "tainted": false
                    },
                    "deposed": [],
                    "provider": "provider.ibm"
                }
            },
            "depends_on": []
        }
    ]
}
