{
    "version": 3,
    "terraform_version": "0.11.7",
    "serial": 10,
    "lineage": "8ff21957-2c27-3bb2-48fe-703759e054b5",
    "modules": [
        {
            "path": [
                "root"
            ],
            "outputs": {},
            "resources": {
                "ibm_compute_ssh_key.ssh_key": {
                    "type": "ibm_compute_ssh_key",
                    "depends_on": [],
                    "primary": {
                        "id": "1168473",
                        "attributes": {
                            "fingerprint": "03:09:60:36:01:58:6c:6f:35:e5:cf:ce:62:40:88:d0",
                            "id": "1168473",
                            "label": "wcpclouduk",
                            "notes": "THIS IS THE SSH KEY FOR ALL VSIs",
                            "public_key": " "
                        },
                        "meta": {},
                        "tainted": false
                    },
                    "deposed": [],
                    "provider": "provider.ibm"
                },
                "ibm_compute_vm_instance.app.0": {
                    "type": "ibm_compute_vm_instance",
                    "depends_on": [
                        "ibm_compute_ssh_key.ssh_key"
                    ],
                    "primary": {
                        "id": "56905873",
                        "attributes": {
                            "block_storage_ids.#": "0",
                            "cores": "1",
                            "datacenter": "lon06",
                            "dedicated_acct_host_only": "false",
                            "disks.#": "2",
                            "disks.0": "25",
                            "disks.1": "10",
                            "domain": "wcpclouduk.com",
                            "file_storage_ids.#": "0",
                            "hostname": "app-01",
                            "hourly_billing": "true",
                            "id": "56905873",
                            "ip_address_id_private": "113575533",
                            "ipv4_address": "",
                            "ipv4_address_private": "10.72.58.87",
                            "ipv6_enabled": "false",
                            "ipv6_static_enabled": "false",
                            "local_disk": "false",
                            "memory": "1024",
                            "network_speed": "100",
                            "notes": "",
                            "os_reference_code": "CENTOS_7_64",
                            "private_interface_id": "32466275",
                            "private_network_only": "true",
                            "private_security_group_ids.#": "0",
                            "private_subnet": "10.72.58.64/26",
                            "private_subnet_id": "1619227",
                            "private_vlan_id": "2327977",
                            "public_bandwidth_unlimited": "false",
                            "public_interface_id": "32466277",
                            "public_security_group_ids.#": "0",
                            "secondary_ip_addresses.#": "0",
                            "ssh_key_ids.#": "1",
                            "ssh_key_ids.1168473": "1168473",
                            "wait_time_minutes": "90"
                        },
                        "meta": {},
                        "tainted": false
                    },
                    "deposed": [],
                    "provider": "provider.ibm"
                },
                "ibm_compute_vm_instance.app.1": {
                    "type": "ibm_compute_vm_instance",
                    "depends_on": [
                        "ibm_compute_ssh_key.ssh_key"
                    ],
                    "primary": {
                        "id": "56905869",
                        "attributes": {
                            "block_storage_ids.#": "0",
                            "cores": "1",
                            "datacenter": "lon06",
                            "dedicated_acct_host_only": "false",
                            "disks.#": "2",
                            "disks.0": "25",
                            "disks.1": "10",
                            "domain": "wcpclouduk.com",
                            "file_storage_ids.#": "0",
                            "hostname": "app-02",
                            "hourly_billing": "true",
                            "id": "56905869",
                            "ip_address_id_private": "113575549",
                            "ipv4_address": "",
                            "ipv4_address_private": "10.72.58.95",
                            "ipv6_enabled": "false",
                            "ipv6_static_enabled": "false",
                            "local_disk": "false",
                            "memory": "1024",
                            "network_speed": "100",
                            "notes": "",
                            "os_reference_code": "CENTOS_7_64",
                            "private_interface_id": "32466271",
                            "private_network_only": "true",
                            "private_security_group_ids.#": "0",
                            "private_subnet": "10.72.58.64/26",
                            "private_subnet_id": "1619227",
                            "private_vlan_id": "2327977",
                            "public_bandwidth_unlimited": "false",
                            "public_interface_id": "32466273",
                            "public_security_group_ids.#": "0",
                            "secondary_ip_addresses.#": "0",
                            "ssh_key_ids.#": "1",
                            "ssh_key_ids.1168473": "1168473",
                            "wait_time_minutes": "90"
                        },
                        "meta": {},
                        "tainted": false
                    },
                    "deposed": [],
                    "provider": "provider.ibm"
                },
                "ibm_compute_vm_instance.db": {
                    "type": "ibm_compute_vm_instance",
                    "depends_on": [
                        "ibm_compute_ssh_key.ssh_key"
                    ],
                    "primary": {
                        "id": "56905871",
                        "attributes": {
                            "block_storage_ids.#": "0",
                            "cores": "1",
                            "datacenter": "lon06",
                            "dedicated_acct_host_only": "false",
                            "disks.#": "2",
                            "disks.0": "25",
                            "disks.1": "10",
                            "domain": "wcpclouduk.com",
                            "file_storage_ids.#": "0",
                            "hostname": "db-01",
                            "hourly_billing": "true",
                            "id": "56905871",
                            "ip_address_id_private": "113575515",
                            "ipv4_address": "",
                            "ipv4_address_private": "10.72.58.78",
                            "ipv6_enabled": "false",
                            "ipv6_static_enabled": "false",
                            "local_disk": "false",
                            "memory": "1024",
                            "network_speed": "100",
                            "notes": "",
                            "os_reference_code": "CENTOS_7_64",
                            "private_interface_id": "32466279",
                            "private_network_only": "true",
                            "private_security_group_ids.#": "0",
                            "private_subnet": "10.72.58.64/26",
                            "private_subnet_id": "1619227",
                            "private_vlan_id": "2327977",
                            "public_bandwidth_unlimited": "false",
                            "public_interface_id": "32466281",
                            "public_security_group_ids.#": "0",
                            "secondary_ip_addresses.#": "0",
                            "ssh_key_ids.#": "1",
                            "ssh_key_ids.1168473": "1168473",
                            "wait_time_minutes": "90"
                        },
                        "meta": {},
                        "tainted": false
                    },
                    "deposed": [],
                    "provider": "provider.ibm"
                },
                "ibm_compute_vm_instance.lb": {
                    "type": "ibm_compute_vm_instance",
                    "depends_on": [
                        "ibm_compute_ssh_key.ssh_key"
                    ],
                    "primary": {
                        "id": "56905867",
                        "attributes": {
                            "block_storage_ids.#": "0",
                            "cores": "1",
                            "datacenter": "lon06",
                            "dedicated_acct_host_only": "false",
                            "disks.#": "2",
                            "disks.0": "25",
                            "disks.1": "10",
                            "domain": "wcpclouduk.com",
                            "file_storage_ids.#": "0",
                            "hostname": "lb-01",
                            "hourly_billing": "true",
                            "id": "56905867",
                            "ip_address_id_private": "113575537",
                            "ipv4_address": "",
                            "ipv4_address_private": "10.72.58.89",
                            "ipv6_enabled": "false",
                            "ipv6_static_enabled": "false",
                            "local_disk": "false",
                            "memory": "1024",
                            "network_speed": "100",
                            "notes": "",
                            "os_reference_code": "CENTOS_7_64",
                            "private_interface_id": "32466267",
                            "private_network_only": "true",
                            "private_security_group_ids.#": "0",
                            "private_subnet": "10.72.58.64/26",
                            "private_subnet_id": "1619227",
                            "private_vlan_id": "2327977",
                            "public_bandwidth_unlimited": "false",
                            "public_interface_id": "32466269",
                            "public_security_group_ids.#": "0",
                            "secondary_ip_addresses.#": "0",
                            "ssh_key_ids.#": "1",
                            "ssh_key_ids.1168473": "1168473",
                            "wait_time_minutes": "90"
                        },
                        "meta": {},
                        "tainted": false
                    },
                    "deposed": [],
                    "provider": "provider.ibm"
                },
                "ibm_security_group.sg1": {
                    "type": "ibm_security_group",
                    "depends_on": [],
                    "primary": {
                        "id": "719665",
                        "attributes": {
                            "description": "limit communications for VSIs",
                            "id": "719665",
                            "name": "sg1"
                        },
                        "meta": {},
                        "tainted": false
                    },
                    "deposed": [],
                    "provider": "provider.ibm"
                },
                "ibm_security_group_rule.sg_1": {
                    "type": "ibm_security_group_rule",
                    "depends_on": [
                        "ibm_security_group.sg1"
                    ],
                    "primary": {
                        "id": "1502263",
                        "attributes": {
                            "direction": "ingress",
                            "ether_type": "IPv4",
                            "id": "1502263",
                            "port_range_max": "22",
                            "port_range_min": "22",
                            "protocol": "tcp",
                            "security_group_id": "719665"
                        },
                        "meta": {},
                        "tainted": false
                    },
                    "deposed": [],
                    "provider": "provider.ibm"
                },
                "ibm_security_group_rule.sg_2": {
                    "type": "ibm_security_group_rule",
                    "depends_on": [
                        "ibm_security_group.sg1"
                    ],
                    "primary": {
                        "id": "1502349",
                        "attributes": {
                            "direction": "egress",
                            "ether_type": "IPv4",
                            "id": "1502349",
                            "port_range_max": "443",
                            "port_range_min": "443",
                            "protocol": "tcp",
                            "security_group_id": "719665"
                        },
                        "meta": {},
                        "tainted": false
                    },
                    "deposed": [],
                    "provider": "provider.ibm"
                }
            },
            "depends_on": []
        }
    ]
}
